# This file is generated by running "yarn install" inside your project.
# Manual changes might be lost - proceed with caution!

__metadata:
  version: 6
  cacheKey: 8

"nx-monorepo-templates@workspace:.":
  version: 0.0.0-use.local
  resolution: "nx-monorepo-templates@workspace:."
  dependencies:
    prettier: ^2.8.0
  languageName: unknown
  linkType: soft

"prettier@npm:^2.8.0":
  version: 2.8.0
  resolution: "prettier@npm:2.8.0"
  bin:
    prettier: bin-prettier.js
  checksum: 72004ce0cc9bb097daf3e3833f62495768724392c1d5b178dd47372337616e9e50ecbb0804f236596223f7b5eb1bbe69cefc8957dca21112c5777e77ef73a564
  languageName: node
  linkType: hard
